{
  "name": "bubbles",
  "version": "1.0.3",
  "lockfileVersion": 3,
  "requires": true,
  "packages": {
    "": {
      "name": "bubbles",
      "version": "1.0.3",
      "license": "ISC",
      "dependencies": {
        "vikruti": "^1.0.0"
      }
    },
    "node_modules/addfunction2": {
      "version": "1.0.2",
      "resolved": "https://registry.npmjs.org/addfunction2/-/addfunction2-1.0.2.tgz",
      "integrity": "sha512-dBLP11UZl1paKfloefOPLyglxg7Yt941z1r7Z3CK6IOs2asnWcSV8pqh8JoWtZnMEDHwdesa4KDs4bOGqMYhuA==",
      "license": "ISC"
    },
    "node_modules/vikruti": {
      "version": "1.0.0",
      "resolved": "https://registry.npmjs.org/vikruti/-/vikruti-1.0.0.tgz",
      "integrity": "sha512-phts3i+rg8chSrovp8BvN5wIS9R7kAwosxJU0XWWdePFhhpb0UiiplTLuzy5YgE8rXdFMaUHcGmL53FHKNfPXA==",
      "license": "ISC",
      "dependencies": {
        "addfunction2": "^1.0.2"
      }
    }
  }
}
